
Microsoft Visual Studio Solution File, Format Version 12.00
# Visual Studio 15
VisualStudioVersion = 15.0.27130.2026
MinimumVisualStudioVersion = 10.0.40219.1
Project("{FAE04EC0-301F-11D3-BF4B-00C04F79EFBC}") = "SQLDataSourceDemo", "SQLDataSourceDemo\SQLDataSourceDemo.csproj", "{535D468F-0A61-47A5-B6F7-31EE12C46982}"
EndProject
Global
	GlobalSection(SolutionConfigurationPlatforms) = preSolution
		Debug|Any CPU = Debug|Any CPU
		Release|Any CPU = Release|Any CPU
	EndGlobalSection
	GlobalSection(ProjectConfigurationPlatforms) = postSolution
		{535D468F-0A61-47A5-B6F7-31EE12C46982}.Debug|Any CPU.ActiveCfg = Debug|Any CPU
		{535D468F-0A61-47A5-B6F7-31EE12C46982}.Debug|Any CPU.Build.0 = Debug|Any CPU
		{535D468F-0A61-47A5-B6F7-31EE12C46982}.Release|Any CPU.ActiveCfg = Release|Any CPU
		{535D468F-0A61-47A5-B6F7-31EE12C46982}.Release|Any CPU.Build.0 = Release|Any CPU
	EndGlobalSection
	GlobalSection(SolutionProperties) = preSolution
		HideSolutionNode = FALSE
	EndGlobalSection
	GlobalSection(ExtensibilityGlobals) = postSolution
		SolutionGuid = {8767D245-F7FD-4584-A8CD-7B3D43B76595}
	EndGlobalSection
EndGlobal
